
Microsoft Visual Studio Solution File, Format Version 12.00
# Visual Studio Express 2013 for Windows Desktop
VisualStudioVersion = 12.0.21005.1
MinimumVisualStudioVersion = 10.0.40219.1
Project("{FAE04EC0-301F-11D3-BF4B-00C04F79EFBC}") = "ProjetBanque", "ProjetBanque\ProjetBanque.csproj", "{6BB2E96F-727D-43B4-B794-88D089433002}"
EndProject
Project("{FAE04EC0-301F-11D3-BF4B-00C04F79EFBC}") = "BanqueLibrary", "..\..\..\Desktop\Projet Algo Objet - Etudiant\Projet Algo Objet - Etudiant\BanqueLibrary\BanqueLibrary\BanqueLibrary.csproj", "{8E556C97-8300-4AF5-B7F7-E9951CA3E6FA}"
EndProject
Global
	GlobalSection(SolutionConfigurationPlatforms) = preSolution
		Debug|Any CPU = Debug|Any CPU
		Debug|Mixed Platforms = Debug|Mixed Platforms
		Debug|x86 = Debug|x86
		Release|Any CPU = Release|Any CPU
		Release|Mixed Platforms = Release|Mixed Platforms
		Release|x86 = Release|x86
	EndGlobalSection
	GlobalSection(ProjectConfigurationPlatforms) = postSolution
		{6BB2E96F-727D-43B4-B794-88D089433002}.Debug|Any CPU.ActiveCfg = Debug|x86
		{6BB2E96F-727D-43B4-B794-88D089433002}.Debug|Mixed Platforms.ActiveCfg = Debug|x86
		{6BB2E96F-727D-43B4-B794-88D089433002}.Debug|Mixed Platforms.Build.0 = Debug|x86
		{6BB2E96F-727D-43B4-B794-88D089433002}.Debug|x86.ActiveCfg = Debug|x86
		{6BB2E96F-727D-43B4-B794-88D089433002}.Debug|x86.Build.0 = Debug|x86
		{6BB2E96F-727D-43B4-B794-88D089433002}.Release|Any CPU.ActiveCfg = Release|x86
		{6BB2E96F-727D-43B4-B794-88D089433002}.Release|Mixed Platforms.ActiveCfg = Release|x86
		{6BB2E96F-727D-43B4-B794-88D089433002}.Release|Mixed Platforms.Build.0 = Release|x86
		{6BB2E96F-727D-43B4-B794-88D089433002}.Release|x86.ActiveCfg = Release|x86
		{6BB2E96F-727D-43B4-B794-88D089433002}.Release|x86.Build.0 = Release|x86
		{8E556C97-8300-4AF5-B7F7-E9951CA3E6FA}.Debug|Any CPU.ActiveCfg = Debug|Any CPU
		{8E556C97-8300-4AF5-B7F7-E9951CA3E6FA}.Debug|Any CPU.Build.0 = Debug|Any CPU
		{8E556C97-8300-4AF5-B7F7-E9951CA3E6FA}.Debug|Mixed Platforms.ActiveCfg = Debug|Any CPU
		{8E556C97-8300-4AF5-B7F7-E9951CA3E6FA}.Debug|Mixed Platforms.Build.0 = Debug|Any CPU
		{8E556C97-8300-4AF5-B7F7-E9951CA3E6FA}.Debug|x86.ActiveCfg = Debug|Any CPU
		{8E556C97-8300-4AF5-B7F7-E9951CA3E6FA}.Release|Any CPU.ActiveCfg = Release|Any CPU
		{8E556C97-8300-4AF5-B7F7-E9951CA3E6FA}.Release|Any CPU.Build.0 = Release|Any CPU
		{8E556C97-8300-4AF5-B7F7-E9951CA3E6FA}.Release|Mixed Platforms.ActiveCfg = Release|Any CPU
		{8E556C97-8300-4AF5-B7F7-E9951CA3E6FA}.Release|Mixed Platforms.Build.0 = Release|Any CPU
		{8E556C97-8300-4AF5-B7F7-E9951CA3E6FA}.Release|x86.ActiveCfg = Release|Any CPU
	EndGlobalSection
	GlobalSection(SolutionProperties) = preSolution
		HideSolutionNode = FALSE
	EndGlobalSection
	GlobalSection(MonoDevelopProperties) = preSolution
		StartupItem = ProjetBanque\ProjetBanque.csproj
	EndGlobalSection
EndGlobal
